
Microsoft Visual Studio Solution File, Format Version 12.00
# Visual Studio Version 16
VisualStudioVersion = 16.0.31321.278
MinimumVisualStudioVersion = 10.0.40219.1
Project("{FAE04EC0-301F-11D3-BF4B-00C04F79EFBC}") = "eCatalog", "eCatalog\eCatalog.csproj", "{B5CF6E23-C7C0-4D0D-AA2A-DEF6960A1E97}"
EndProject
Global
	GlobalSection(SolutionConfigurationPlatforms) = preSolution
		Debug|Any CPU = Debug|Any CPU
		Release|Any CPU = Release|Any CPU
	EndGlobalSection
	GlobalSection(ProjectConfigurationPlatforms) = postSolution
		{B5CF6E23-C7C0-4D0D-AA2A-DEF6960A1E97}.Debug|Any CPU.ActiveCfg = Debug|Any CPU
		{B5CF6E23-C7C0-4D0D-AA2A-DEF6960A1E97}.Debug|Any CPU.Build.0 = Debug|Any CPU
		{B5CF6E23-C7C0-4D0D-AA2A-DEF6960A1E97}.Release|Any CPU.ActiveCfg = Release|Any CPU
		{B5CF6E23-C7C0-4D0D-AA2A-DEF6960A1E97}.Release|Any CPU.Build.0 = Release|Any CPU
	EndGlobalSection
	GlobalSection(SolutionProperties) = preSolution
		HideSolutionNode = FALSE
	EndGlobalSection
	GlobalSection(ExtensibilityGlobals) = postSolution
		SolutionGuid = {362FA816-D380-44B4-AB15-408606ABBC63}
	EndGlobalSection
EndGlobal
